PODS:
  - device_info_plus (0.0.1):
    - Flutter
  - Flutter (1.0.0)
  - integration_test (0.0.1):
    - Flutter
  - package_info_plus (0.4.5):
    - Flutter
  - pam_flutter (0.0.1):
    - Flutter
  - shared_preferences_foundation (0.0.1):
    - Flutter
    - FlutterMacOS
  - url_launcher_ios (0.0.1):
    - Flutter

DEPENDENCIES:
  - device_info_plus (from `.symlinks/plugins/device_info_plus/ios`)
  - Flutter (from `Flutter`)
  - integration_test (from `.symlinks/plugins/integration_test/ios`)
  - package_info_plus (from `.symlinks/plugins/package_info_plus/ios`)
  - pam_flutter (from `.symlinks/plugins/pam_flutter/ios`)
  - shared_preferences_foundation (from `.symlinks/plugins/shared_preferences_foundation/darwin`)
  - url_launcher_ios (from `.symlinks/plugins/url_launcher_ios/ios`)

EXTERNAL SOURCES:
  device_info_plus:
    :path: ".symlinks/plugins/device_info_plus/ios"
  Flutter:
    :path: Flutter
  integration_test:
    :path: ".symlinks/plugins/integration_test/ios"
  package_info_plus:
    :path: ".symlinks/plugins/package_info_plus/ios"
  pam_flutter:
    :path: ".symlinks/plugins/pam_flutter/ios"
  shared_preferences_foundation:
    :path: ".symlinks/plugins/shared_preferences_foundation/darwin"
  url_launcher_ios:
    :path: ".symlinks/plugins/url_launcher_ios/ios"

SPEC CHECKSUMS:
  device_info_plus: 97af1d7e84681a90d0693e63169a5d50e0839a0d
  Flutter: e0871f40cf51350855a761d2e70bf5af5b9b5de7
  integration_test: 252f60fa39af5e17c3aa9899d35d908a0721b573
  package_info_plus: c0502532a26c7662a62a356cebe2692ec5fe4ec4
  pam_flutter: 0b6c3cdc085ca3f1392c315dd2e34bdcba032906
  shared_preferences_foundation: fcdcbc04712aee110ac7fda236f363274528f78
  url_launcher_ios: 5334b05cef931de560670eeae103fd3e431ac3fe

PODFILE CHECKSUM: 9c46fd01abff66081b39f5fa5767b3f1d0b11d76

COCOAPODS: 1.16.2
